
Microsoft Visual Studio Solution File, Format Version 12.00
# Visual Studio Version 17
VisualStudioVersion = 17.14.36623.8
MinimumVisualStudioVersion = 10.0.40219.1
Project("{2150E333-8FDC-42A3-9474-1A3956D46DE8}") = "Task0", "Task0", "{02EA681E-C7D8-13C7-8484-4AC65E1B71E8}"
EndProject
Project("{FAE04EC0-301F-11D3-BF4B-00C04F79EFBC}") = "Tyuiu.KlochenokVA.Sprint4.Task0.V26", "Tyuiu.KlochenokVA.Sprint4.Task0.V26\Tyuiu.KlochenokVA.Sprint4.Task0.V26.csproj", "{73D0625C-D97A-4342-B1F3-D1CC039D1123}"
EndProject
Project("{FAE04EC0-301F-11D3-BF4B-00C04F79EFBC}") = "Tyuiu.KlochenokVA.Sprint4.Task0.V26.Lib", "Tyuiu.KlochenokVA.Sprint4.Task0.V26.Lib\Tyuiu.KlochenokVA.Sprint4.Task0.V26.Lib.csproj", "{1772C165-AEF9-4673-A908-9A47CDB880DE}"
EndProject
Project("{FAE04EC0-301F-11D3-BF4B-00C04F79EFBC}") = "Tyuiu.KlochenokVA.Sprint4.Task0.V26.Test", "Tyuiu.KlochenokVA.Sprint4.Task0.V26.Test\Tyuiu.KlochenokVA.Sprint4.Task0.V26.Test.csproj", "{6B63998A-3065-4777-AEB0-5E185B82200D}"
EndProject
Project("{FAE04EC0-301F-11D3-BF4B-00C04F79EFBC}") = "Tyuiu.KlochenokVA.Sprint4.Task1.V28", "Tyuiu.KlochenokVA.Sprint4.Task1.V28\Tyuiu.KlochenokVA.Sprint4.Task1.V28.csproj", "{6DE72EAC-D0A2-40E4-AC97-86527C2CBD7C}"
EndProject
Project("{FAE04EC0-301F-11D3-BF4B-00C04F79EFBC}") = "Tyuiu.KlochenokVA.Sprint4.Task1.V28.Test", "Tyuiu.KlochenokVA.Sprint4.Task1.V28.Test\Tyuiu.KlochenokVA.Sprint4.Task1.V28.Test.csproj", "{667640BB-9000-4FB2-9CA8-CE418F95B625}"
EndProject
Project("{2150E333-8FDC-42A3-9474-1A3956D46DE8}") = "Task1", "Task1", "{F355F33B-D0E4-486E-B7B2-1FC2C9A8F70D}"
EndProject
Project("{FAE04EC0-301F-11D3-BF4B-00C04F79EFBC}") = "Tyuiu.KlochenokVA.Sprint4.Task1.V28.Lib", "Tyuiu.KlochenokVA.Sprint4.Task1.V28.Lib\Tyuiu.KlochenokVA.Sprint4.Task1.V28.Lib.csproj", "{D6104025-17B4-412A-8C38-351CA35B47C4}"
EndProject
Project("{2150E333-8FDC-42A3-9474-1A3956D46DE8}") = "Task2", "Task2", "{E0BD02E5-50E5-4370-9365-1C74AFF032DE}"
EndProject
Project("{FAE04EC0-301F-11D3-BF4B-00C04F79EFBC}") = "Tyuiu.KlochenokVA.Sprint4.Task2.V19", "Tyuiu.KlochenokVA.Sprint4.Task2.V19\Tyuiu.KlochenokVA.Sprint4.Task2.V19.csproj", "{89D5165B-046D-420F-B0FA-7098AACE2A07}"
EndProject
Project("{FAE04EC0-301F-11D3-BF4B-00C04F79EFBC}") = "Tyuiu.KlochenokVA.Sprint4.Task2.V19.Test", "Tyuiu.KlochenokVA.Sprint4.Task2.V19.Test\Tyuiu.KlochenokVA.Sprint4.Task2.V19.Test.csproj", "{2D74B336-00C5-4DD1-90C9-ECAE29321BE9}"
EndProject
Project("{FAE04EC0-301F-11D3-BF4B-00C04F79EFBC}") = "Tyuiu.KlochenokVA.Sprint4.Task2.V19.Lib", "Tyuiu.KlochenokVA.Sprint4.Task2.V19.Lib\Tyuiu.KlochenokVA.Sprint4.Task2.V19.Lib.csproj", "{4D4B2417-BF58-4E9F-B5B9-A2F6A343FDD9}"
EndProject
Project("{2150E333-8FDC-42A3-9474-1A3956D46DE8}") = "Task3", "Task3", "{B5431591-075B-4778-AB00-0D32559F39D9}"
EndProject
Project("{FAE04EC0-301F-11D3-BF4B-00C04F79EFBC}") = "Tyuiu.KlochenokVA.Sprint4.Task3.V30", "Tyuiu.KlochenokVA.Sprint4.Task3.V30\Tyuiu.KlochenokVA.Sprint4.Task3.V30.csproj", "{CF7A0A01-1EEB-402D-A0A3-28DFE9DC4068}"
EndProject
Project("{FAE04EC0-301F-11D3-BF4B-00C04F79EFBC}") = "Tyuiu.KlochenokVA.Sprint4.Task3.V30.Lib", "Tyuiu.KlochenokVA.Sprint4.Task3.V30.Lib\Tyuiu.KlochenokVA.Sprint4.Task3.V30.Lib.csproj", "{C6DD7685-4628-436C-8180-013998540BD8}"
EndProject
Project("{FAE04EC0-301F-11D3-BF4B-00C04F79EFBC}") = "Tyuiu.KlochenokVA.Sprint4.Task3.V30.Test", "Tyuiu.KlochenokVA.Sprint4.Task3.V30.Test\Tyuiu.KlochenokVA.Sprint4.Task3.V30.Test.csproj", "{A95EE1A2-2356-4CBA-A7EA-381512C4F940}"
EndProject
Project("{2150E333-8FDC-42A3-9474-1A3956D46DE8}") = "Task4", "Task4", "{2A927A46-C3AD-4FF0-8447-3A1B6C6D6818}"
EndProject
Project("{FAE04EC0-301F-11D3-BF4B-00C04F79EFBC}") = "Tyuiu.KlochenokVA.Sprint4.Task4.V28", "Tyuiu.KlochenokVA.Sprint4.Task4.V28\Tyuiu.KlochenokVA.Sprint4.Task4.V28.csproj", "{F7E30EB8-9684-497B-9022-42EA45E8D424}"
EndProject
Project("{FAE04EC0-301F-11D3-BF4B-00C04F79EFBC}") = "Tyuiu.KlochenokVA.Sprint4.Task4.V28.Test", "Tyuiu.KlochenokVA.Sprint4.Task4.V28.Test\Tyuiu.KlochenokVA.Sprint4.Task4.V28.Test.csproj", "{24D3B035-CB7C-4D9F-BAEA-342FF0E6BC94}"
EndProject
Project("{FAE04EC0-301F-11D3-BF4B-00C04F79EFBC}") = "Tyuiu.KlochenokVA.Sprint4.Task4.V28.Lib", "Tyuiu.KlochenokVA.Sprint4.Task4.V28.Lib\Tyuiu.KlochenokVA.Sprint4.Task4.V28.Lib.csproj", "{1518F1AE-F153-4F65-B61C-EB626B6430CA}"
EndProject
Project("{2150E333-8FDC-42A3-9474-1A3956D46DE8}") = "Task5", "Task5", "{0227E206-7A32-4060-A255-A7FD809FFF7E}"
EndProject
Project("{FAE04EC0-301F-11D3-BF4B-00C04F79EFBC}") = "Tyuiu.KlochenokVA.Sprint4.Task5.V11", "Tyuiu.KlochenokVA.Sprint4.Task5.V11\Tyuiu.KlochenokVA.Sprint4.Task5.V11.csproj", "{EA75552B-1891-4EB2-85DC-F2A22118C53F}"
EndProject
Project("{FAE04EC0-301F-11D3-BF4B-00C04F79EFBC}") = "Tyuiu.KlochenokVA.Sprint4.Task5.V11.Test", "Tyuiu.KlochenokVA.Sprint4.Task5.V11.Test\Tyuiu.KlochenokVA.Sprint4.Task5.V11.Test.csproj", "{52DEFC5E-DDA3-46DB-9C1C-FF3E43EE00F9}"
EndProject
Project("{FAE04EC0-301F-11D3-BF4B-00C04F79EFBC}") = "Tyuiu.KlochenokVA.Sprint4.Task5.V11.Lib", "Tyuiu.KlochenokVA.Sprint4.Task5.V11.Lib\Tyuiu.KlochenokVA.Sprint4.Task5.V11.Lib.csproj", "{0011650D-0BBF-4CC7-A181-FB1A4427EFB0}"
EndProject
Project("{2150E333-8FDC-42A3-9474-1A3956D46DE8}") = "Task6", "Task6", "{AFE81219-61FB-4315-B8BD-0A475E29A99C}"
EndProject
Project("{FAE04EC0-301F-11D3-BF4B-00C04F79EFBC}") = "Tyuiu.KlochenokVA.Sprint4.Task6.V21", "Tyuiu.KlochenokVA.Sprint4.Task6.V21\Tyuiu.KlochenokVA.Sprint4.Task6.V21.csproj", "{6489D6B9-09A8-4B3C-96ED-8FE250426407}"
EndProject
Project("{FAE04EC0-301F-11D3-BF4B-00C04F79EFBC}") = "Tyuiu.KlochenokVA.Sprint4.Task6.V21.Test", "Tyuiu.KlochenokVA.Sprint4.Task6.V21.Test\Tyuiu.KlochenokVA.Sprint4.Task6.V21.Test.csproj", "{4820B112-3E81-4533-BE23-719F825B1400}"
EndProject
Project("{FAE04EC0-301F-11D3-BF4B-00C04F79EFBC}") = "Tyuiu.KlochenokVA.Sprint4.Task6.V21.Lib", "Tyuiu.KlochenokVA.Sprint4.Task6.V21.Lib\Tyuiu.KlochenokVA.Sprint4.Task6.V21.Lib.csproj", "{8BD18CE1-48AE-48A5-91BD-71E0973AB6CE}"
EndProject
Global
	GlobalSection(SolutionConfigurationPlatforms) = preSolution
		Debug|Any CPU = Debug|Any CPU
		Release|Any CPU = Release|Any CPU
	EndGlobalSection
	GlobalSection(ProjectConfigurationPlatforms) = postSolution
		{73D0625C-D97A-4342-B1F3-D1CC039D1123}.Debug|Any CPU.ActiveCfg = Debug|Any CPU
		{73D0625C-D97A-4342-B1F3-D1CC039D1123}.Debug|Any CPU.Build.0 = Debug|Any CPU
		{73D0625C-D97A-4342-B1F3-D1CC039D1123}.Release|Any CPU.ActiveCfg = Release|Any CPU
		{73D0625C-D97A-4342-B1F3-D1CC039D1123}.Release|Any CPU.Build.0 = Release|Any CPU
		{1772C165-AEF9-4673-A908-9A47CDB880DE}.Debug|Any CPU.ActiveCfg = Debug|Any CPU
		{1772C165-AEF9-4673-A908-9A47CDB880DE}.Debug|Any CPU.Build.0 = Debug|Any CPU
		{1772C165-AEF9-4673-A908-9A47CDB880DE}.Release|Any CPU.ActiveCfg = Release|Any CPU
		{1772C165-AEF9-4673-A908-9A47CDB880DE}.Release|Any CPU.Build.0 = Release|Any CPU
		{6B63998A-3065-4777-AEB0-5E185B82200D}.Debug|Any CPU.ActiveCfg = Debug|Any CPU
		{6B63998A-3065-4777-AEB0-5E185B82200D}.Debug|Any CPU.Build.0 = Debug|Any CPU
		{6B63998A-3065-4777-AEB0-5E185B82200D}.Release|Any CPU.ActiveCfg = Release|Any CPU
		{6B63998A-3065-4777-AEB0-5E185B82200D}.Release|Any CPU.Build.0 = Release|Any CPU
		{6DE72EAC-D0A2-40E4-AC97-86527C2CBD7C}.Debug|Any CPU.ActiveCfg = Debug|Any CPU
		{6DE72EAC-D0A2-40E4-AC97-86527C2CBD7C}.Debug|Any CPU.Build.0 = Debug|Any CPU
		{6DE72EAC-D0A2-40E4-AC97-86527C2CBD7C}.Release|Any CPU.ActiveCfg = Release|Any CPU
		{6DE72EAC-D0A2-40E4-AC97-86527C2CBD7C}.Release|Any CPU.Build.0 = Release|Any CPU
		{667640BB-9000-4FB2-9CA8-CE418F95B625}.Debug|Any CPU.ActiveCfg = Debug|Any CPU
		{667640BB-9000-4FB2-9CA8-CE418F95B625}.Debug|Any CPU.Build.0 = Debug|Any CPU
		{667640BB-9000-4FB2-9CA8-CE418F95B625}.Release|Any CPU.ActiveCfg = Release|Any CPU
		{667640BB-9000-4FB2-9CA8-CE418F95B625}.Release|Any CPU.Build.0 = Release|Any CPU
		{D6104025-17B4-412A-8C38-351CA35B47C4}.Debug|Any CPU.ActiveCfg = Debug|Any CPU
		{D6104025-17B4-412A-8C38-351CA35B47C4}.Debug|Any CPU.Build.0 = Debug|Any CPU
		{D6104025-17B4-412A-8C38-351CA35B47C4}.Release|Any CPU.ActiveCfg = Release|Any CPU
		{D6104025-17B4-412A-8C38-351CA35B47C4}.Release|Any CPU.Build.0 = Release|Any CPU
		{89D5165B-046D-420F-B0FA-7098AACE2A07}.Debug|Any CPU.ActiveCfg = Debug|Any CPU
		{89D5165B-046D-420F-B0FA-7098AACE2A07}.Debug|Any CPU.Build.0 = Debug|Any CPU
		{89D5165B-046D-420F-B0FA-7098AACE2A07}.Release|Any CPU.ActiveCfg = Release|Any CPU
		{89D5165B-046D-420F-B0FA-7098AACE2A07}.Release|Any CPU.Build.0 = Release|Any CPU
		{2D74B336-00C5-4DD1-90C9-ECAE29321BE9}.Debug|Any CPU.ActiveCfg = Debug|Any CPU
		{2D74B336-00C5-4DD1-90C9-ECAE29321BE9}.Debug|Any CPU.Build.0 = Debug|Any CPU
		{2D74B336-00C5-4DD1-90C9-ECAE29321BE9}.Release|Any CPU.ActiveCfg = Release|Any CPU
		{2D74B336-00C5-4DD1-90C9-ECAE29321BE9}.Release|Any CPU.Build.0 = Release|Any CPU
		{4D4B2417-BF58-4E9F-B5B9-A2F6A343FDD9}.Debug|Any CPU.ActiveCfg = Debug|Any CPU
		{4D4B2417-BF58-4E9F-B5B9-A2F6A343FDD9}.Debug|Any CPU.Build.0 = Debug|Any CPU
		{4D4B2417-BF58-4E9F-B5B9-A2F6A343FDD9}.Release|Any CPU.ActiveCfg = Release|Any CPU
		{4D4B2417-BF58-4E9F-B5B9-A2F6A343FDD9}.Release|Any CPU.Build.0 = Release|Any CPU
		{CF7A0A01-1EEB-402D-A0A3-28DFE9DC4068}.Debug|Any CPU.ActiveCfg = Debug|Any CPU
		{CF7A0A01-1EEB-402D-A0A3-28DFE9DC4068}.Debug|Any CPU.Build.0 = Debug|Any CPU
		{CF7A0A01-1EEB-402D-A0A3-28DFE9DC4068}.Release|Any CPU.ActiveCfg = Release|Any CPU
		{CF7A0A01-1EEB-402D-A0A3-28DFE9DC4068}.Release|Any CPU.Build.0 = Release|Any CPU
		{C6DD7685-4628-436C-8180-013998540BD8}.Debug|Any CPU.ActiveCfg = Debug|Any CPU
		{C6DD7685-4628-436C-8180-013998540BD8}.Debug|Any CPU.Build.0 = Debug|Any CPU
		{C6DD7685-4628-436C-8180-013998540BD8}.Release|Any CPU.ActiveCfg = Release|Any CPU
		{C6DD7685-4628-436C-8180-013998540BD8}.Release|Any CPU.Build.0 = Release|Any CPU
		{A95EE1A2-2356-4CBA-A7EA-381512C4F940}.Debug|Any CPU.ActiveCfg = Debug|Any CPU
		{A95EE1A2-2356-4CBA-A7EA-381512C4F940}.Debug|Any CPU.Build.0 = Debug|Any CPU
		{A95EE1A2-2356-4CBA-A7EA-381512C4F940}.Release|Any CPU.ActiveCfg = Release|Any CPU
		{A95EE1A2-2356-4CBA-A7EA-381512C4F940}.Release|Any CPU.Build.0 = Release|Any CPU
		{F7E30EB8-9684-497B-9022-42EA45E8D424}.Debug|Any CPU.ActiveCfg = Debug|Any CPU
		{F7E30EB8-9684-497B-9022-42EA45E8D424}.Debug|Any CPU.Build.0 = Debug|Any CPU
		{F7E30EB8-9684-497B-9022-42EA45E8D424}.Release|Any CPU.ActiveCfg = Release|Any CPU
		{F7E30EB8-9684-497B-9022-42EA45E8D424}.Release|Any CPU.Build.0 = Release|Any CPU
		{24D3B035-CB7C-4D9F-BAEA-342FF0E6BC94}.Debug|Any CPU.ActiveCfg = Debug|Any CPU
		{24D3B035-CB7C-4D9F-BAEA-342FF0E6BC94}.Debug|Any CPU.Build.0 = Debug|Any CPU
		{24D3B035-CB7C-4D9F-BAEA-342FF0E6BC94}.Release|Any CPU.ActiveCfg = Release|Any CPU
		{24D3B035-CB7C-4D9F-BAEA-342FF0E6BC94}.Release|Any CPU.Build.0 = Release|Any CPU
		{1518F1AE-F153-4F65-B61C-EB626B6430CA}.Debug|Any CPU.ActiveCfg = Debug|Any CPU
		{1518F1AE-F153-4F65-B61C-EB626B6430CA}.Debug|Any CPU.Build.0 = Debug|Any CPU
		{1518F1AE-F153-4F65-B61C-EB626B6430CA}.Release|Any CPU.ActiveCfg = Release|Any CPU
		{1518F1AE-F153-4F65-B61C-EB626B6430CA}.Release|Any CPU.Build.0 = Release|Any CPU
		{EA75552B-1891-4EB2-85DC-F2A22118C53F}.Debug|Any CPU.ActiveCfg = Debug|Any CPU
		{EA75552B-1891-4EB2-85DC-F2A22118C53F}.Debug|Any CPU.Build.0 = Debug|Any CPU
		{EA75552B-1891-4EB2-85DC-F2A22118C53F}.Release|Any CPU.ActiveCfg = Release|Any CPU
		{EA75552B-1891-4EB2-85DC-F2A22118C53F}.Release|Any CPU.Build.0 = Release|Any CPU
		{52DEFC5E-DDA3-46DB-9C1C-FF3E43EE00F9}.Debug|Any CPU.ActiveCfg = Debug|Any CPU
		{52DEFC5E-DDA3-46DB-9C1C-FF3E43EE00F9}.Debug|Any CPU.Build.0 = Debug|Any CPU
		{52DEFC5E-DDA3-46DB-9C1C-FF3E43EE00F9}.Release|Any CPU.ActiveCfg = Release|Any CPU
		{52DEFC5E-DDA3-46DB-9C1C-FF3E43EE00F9}.Release|Any CPU.Build.0 = Release|Any CPU
		{0011650D-0BBF-4CC7-A181-FB1A4427EFB0}.Debug|Any CPU.ActiveCfg = Debug|Any CPU
		{0011650D-0BBF-4CC7-A181-FB1A4427EFB0}.Debug|Any CPU.Build.0 = Debug|Any CPU
		{0011650D-0BBF-4CC7-A181-FB1A4427EFB0}.Release|Any CPU.ActiveCfg = Release|Any CPU
		{0011650D-0BBF-4CC7-A181-FB1A4427EFB0}.Release|Any CPU.Build.0 = Release|Any CPU
		{6489D6B9-09A8-4B3C-96ED-8FE250426407}.Debug|Any CPU.ActiveCfg = Debug|Any CPU
		{6489D6B9-09A8-4B3C-96ED-8FE250426407}.Debug|Any CPU.Build.0 = Debug|Any CPU
		{6489D6B9-09A8-4B3C-96ED-8FE250426407}.Release|Any CPU.ActiveCfg = Release|Any CPU
		{6489D6B9-09A8-4B3C-96ED-8FE250426407}.Release|Any CPU.Build.0 = Release|Any CPU
		{4820B112-3E81-4533-BE23-719F825B1400}.Debug|Any CPU.ActiveCfg = Debug|Any CPU
		{4820B112-3E81-4533-BE23-719F825B1400}.Debug|Any CPU.Build.0 = Debug|Any CPU
		{4820B112-3E81-4533-BE23-719F825B1400}.Release|Any CPU.ActiveCfg = Release|Any CPU
		{4820B112-3E81-4533-BE23-719F825B1400}.Release|Any CPU.Build.0 = Release|Any CPU
		{8BD18CE1-48AE-48A5-91BD-71E0973AB6CE}.Debug|Any CPU.ActiveCfg = Debug|Any CPU
		{8BD18CE1-48AE-48A5-91BD-71E0973AB6CE}.Debug|Any CPU.Build.0 = Debug|Any CPU
		{8BD18CE1-48AE-48A5-91BD-71E0973AB6CE}.Release|Any CPU.ActiveCfg = Release|Any CPU
		{8BD18CE1-48AE-48A5-91BD-71E0973AB6CE}.Release|Any CPU.Build.0 = Release|Any CPU
	EndGlobalSection
	GlobalSection(SolutionProperties) = preSolution
		HideSolutionNode = FALSE
	EndGlobalSection
	GlobalSection(NestedProjects) = preSolution
		{73D0625C-D97A-4342-B1F3-D1CC039D1123} = {02EA681E-C7D8-13C7-8484-4AC65E1B71E8}
		{1772C165-AEF9-4673-A908-9A47CDB880DE} = {02EA681E-C7D8-13C7-8484-4AC65E1B71E8}
		{6B63998A-3065-4777-AEB0-5E185B82200D} = {02EA681E-C7D8-13C7-8484-4AC65E1B71E8}
		{6DE72EAC-D0A2-40E4-AC97-86527C2CBD7C} = {F355F33B-D0E4-486E-B7B2-1FC2C9A8F70D}
		{667640BB-9000-4FB2-9CA8-CE418F95B625} = {F355F33B-D0E4-486E-B7B2-1FC2C9A8F70D}
		{D6104025-17B4-412A-8C38-351CA35B47C4} = {F355F33B-D0E4-486E-B7B2-1FC2C9A8F70D}
		{89D5165B-046D-420F-B0FA-7098AACE2A07} = {E0BD02E5-50E5-4370-9365-1C74AFF032DE}
		{2D74B336-00C5-4DD1-90C9-ECAE29321BE9} = {E0BD02E5-50E5-4370-9365-1C74AFF032DE}
		{4D4B2417-BF58-4E9F-B5B9-A2F6A343FDD9} = {E0BD02E5-50E5-4370-9365-1C74AFF032DE}
		{CF7A0A01-1EEB-402D-A0A3-28DFE9DC4068} = {B5431591-075B-4778-AB00-0D32559F39D9}
		{C6DD7685-4628-436C-8180-013998540BD8} = {B5431591-075B-4778-AB00-0D32559F39D9}
		{A95EE1A2-2356-4CBA-A7EA-381512C4F940} = {B5431591-075B-4778-AB00-0D32559F39D9}
		{F7E30EB8-9684-497B-9022-42EA45E8D424} = {2A927A46-C3AD-4FF0-8447-3A1B6C6D6818}
		{24D3B035-CB7C-4D9F-BAEA-342FF0E6BC94} = {2A927A46-C3AD-4FF0-8447-3A1B6C6D6818}
		{1518F1AE-F153-4F65-B61C-EB626B6430CA} = {2A927A46-C3AD-4FF0-8447-3A1B6C6D6818}
		{EA75552B-1891-4EB2-85DC-F2A22118C53F} = {0227E206-7A32-4060-A255-A7FD809FFF7E}
		{52DEFC5E-DDA3-46DB-9C1C-FF3E43EE00F9} = {0227E206-7A32-4060-A255-A7FD809FFF7E}
		{0011650D-0BBF-4CC7-A181-FB1A4427EFB0} = {0227E206-7A32-4060-A255-A7FD809FFF7E}
		{6489D6B9-09A8-4B3C-96ED-8FE250426407} = {AFE81219-61FB-4315-B8BD-0A475E29A99C}
		{4820B112-3E81-4533-BE23-719F825B1400} = {AFE81219-61FB-4315-B8BD-0A475E29A99C}
		{8BD18CE1-48AE-48A5-91BD-71E0973AB6CE} = {AFE81219-61FB-4315-B8BD-0A475E29A99C}
	EndGlobalSection
	GlobalSection(ExtensibilityGlobals) = postSolution
		SolutionGuid = {A7447FD3-59E6-49A1-AF86-CCF25AB6B653}
	EndGlobalSection
EndGlobal
